hash: 494f9385938103d9758f6e81d24b67a1b4caaea080f06840b24932b8a573734d
updated: 2019-05-05T20:40:17.970372+08:00
imports:
- name: git.apache.org/thrift.git
  version: 17fa32f27556af3893beee9e1c364a4d997b3cbf
  subpackages:
  - lib/go
- name: github.com/aws/aws-sdk-go
  version: 86dc5d0ebe9f30ac9e939da21c240a98519343f2
  subpackages:
  - aws
  - aws/awserr
  - aws/awsutil
  - aws/client
  - aws/client/metadata
  - aws/corehandlers
  - aws/credentials
  - aws/credentials/ec2rolecreds
  - aws/credentials/endpointcreds
  - aws/credentials/processcreds
  - aws/credentials/stscreds
  - aws/crr
  - aws/csm
  - aws/defaults
  - aws/ec2metadata
  - aws/endpoints
  - aws/request
  - aws/session
  - aws/signer/v4
  - internal/ini
  - internal/s3err
  - internal/sdkio
  - internal/sdkrand
  - internal/sdkuri
  - internal/shareddefaults
  - private/protocol
  - private/protocol/eventstream
  - private/protocol/eventstream/eventstreamapi
  - private/protocol/json/jsonutil
  - private/protocol/jsonrpc
  - private/protocol/query
  - private/protocol/query/queryutil
  - private/protocol/rest
  - private/protocol/restxml
  - private/protocol/xml/xmlutil
  - service/dynamodb
  - service/dynamodb/dynamodbattribute
  - service/s3
  - service/sts
- name: github.com/buger/jsonparser
  version: bf1c66bbce23153d89b23f8960071a680dbef54b
- name: github.com/cihub/seelog
  version: d2c6e5aa9fbfdd1c624e140287063c7730654115
- name: github.com/cornelk/hashmap
  version: 33e58823eb9d4426a8d2b604cece33c3c15df8cc
- name: github.com/emirpasic/gods
  version: 1615341f118ae12f353cc8a983f35b584342c9b3
  subpackages:
  - containers
  - lists
  - lists/singlylinkedlist
  - utils
- name: github.com/go-kit/kit
  version: 12210fb6ace19e0496167bb3e667dcd91fa9f69b
  subpackages:
  - endpoint
  - ratelimit
- name: github.com/gogo/protobuf
  version: ba06b47c162d49f2af050fb4c75bcbc86a159d5c
  subpackages:
  - proto
- name: github.com/golang/glog
  version: 23def4e6c14b4da8ac2ed8007337bc5eb5007998
- name: github.com/golang/protobuf
  version: aa810b61a9c79d51363740d207bb46cf8e620ed5
  subpackages:
  - proto
- name: github.com/hashicorp/consul
  version: ea5210a30e154f4da9a4c8e729b45b8ce7b9b92c
  subpackages:
  - api
- name: github.com/hatlonely/easygolang
  version: 49f472bcd49ab8fc66b9069863a6757bb4e2c1b6
- name: github.com/json-iterator/go
  version: 0ff49de124c6f76f8494e194af75bde0f1a49a29
- name: github.com/konsorten/go-windows-terminal-sequences
  version: 5c8c8bd35d3832f5d134ae1e1e375b69a4d25242
- name: github.com/kpango/glg
  version: bc359dc29af09e56f3c77814a41d8051f0784d75
- name: github.com/mailru/easyjson
  version: 32fa128f234d041f196a9f3e0fea5ac9772c08e1
  subpackages:
  - buffer
  - jlexer
  - jwriter
- name: github.com/op/go-logging
  version: b2cb9fa56473e98db8caba80237377e83fe44db5
- name: github.com/opentracing/opentracing-go
  version: 659c90643e714681897ec2521c60567dd21da733
- name: github.com/pquerna/ffjson
  version: e517b90714f7c0eabe6d2e570a5886ae077d6db6
  subpackages:
  - ffjson
  - fflib/v1
  - fflib/v1/internal
- name: github.com/prometheus/client_golang
  version: 505eaef017263e299324067d40ca2c48f6a2cf50
  subpackages:
  - prometheus
- name: github.com/ScottMansfield/nanolog
  version: 89d2cd66f50a20b720e2ecad9d3d5d07b7128f84
- name: github.com/sirupsen/logrus
  version: 8bdbc7bcc01dcbb8ec23dc8a28e332258d25251f
- name: github.com/smartystreets/goconvey
  version: 9e8dc3f972df6c8fcc0375ef492c24d0bb204857
  subpackages:
  - convey
  - convey/gotest
  - convey/reporting
- name: github.com/sohlich/elogrus
  version: 1cd627c611bbee23b2ee95c0fc17cf29d11f5365
- name: github.com/spaolacci/murmur3
  version: 9f5d223c60793748f04a9d5b4b4eacddfc1f755d
- name: github.com/spf13/viper
  version: 9e56dacc08fbbf8c9ee2dbc717553c758ce42bc9
- name: github.com/ugorji/go
  version: 2adff0894ba3bc2eeb9f9aea45fefd49802e1a13
  subpackages:
  - codec
- name: github.com/yosuke-furukawa/json5
  version: 7f7ea50b836ee7a78dbcccfb28bea909cf28bf6b
  subpackages:
  - encoding/json5
- name: go.uber.org/atomic
  version: df976f2515e274675050de7b3f42545de80594fd
- name: go.uber.org/multierr
  version: 3c4937480c32f4c13a875a1829af76c98ca3d40a
- name: go.uber.org/zap
  version: 27376062155ad36be76b0f12cf1572a221d3a48c
  subpackages:
  - buffer
  - internal/bufferpool
  - internal/color
  - internal/exit
  - zapcore
- name: golang.org/x/crypto
  version: 505ab145d0a99da450461ae2c1a9f6cd10d1f447
  subpackages:
  - ssh/terminal
- name: golang.org/x/sys
  version: 7138fd3d9dc8335c567ca206f4333fb75eb05d56
  subpackages:
  - unix
  - windows
- name: golang.org/x/time
  version: fbb02b2291d28baffd63558aa44b4b56f178d650
  subpackages:
  - rate
- name: gopkg.in/olivere/elastic.v5
  version: 8a3f2cdf773521f77a2b9517d131c6cf28be6ca1
testImports:
- name: github.com/afex/hystrix-go
  version: fa1af6a1f4f56e0e50d427fe901cd604d8c6fb8a
  subpackages:
  - hystrix
  - hystrix/metric_collector
  - hystrix/rolling
- name: github.com/armon/go-metrics
  version: 58588f401c2cc130a7308a52ca3bc6c0a76db04b
- name: github.com/beorn7/perks
  version: 4b2b341e8d7715fae06375aa633dbb6e91b3fb46
  subpackages:
  - quantile
- name: github.com/dchest/siphash
  version: 34f201214d993633bb24f418ba11736ab8b55aa7
- name: github.com/fsnotify/fsnotify
  version: c2828203cd70a50dcccfb2761f8b1f8ceef9a8e9
- name: github.com/gopherjs/gopherjs
  version: 444abdf920945de5d4a977b572bcc6c674d1e4eb
  subpackages:
  - js
- name: github.com/hashicorp/go-cleanhttp
  version: d5fe4b57a186c716b0e00b8c301cbd9b4182694d
- name: github.com/hashicorp/go-immutable-radix
  version: 7f3cd4390caab3250a57f30efdb2a65dd7649ecf
- name: github.com/hashicorp/go-rootcerts
  version: 6bb64b370b90e7ef1fa532be9e591a81c3493e00
- name: github.com/hashicorp/golang-lru
  version: 0fb14efe8c47ae851c0034ed7a448854d3d34cf3
  subpackages:
  - simplelru
- name: github.com/hashicorp/hcl
  version: ef8a98b0bbce4a65b5aa4c368430a80ddc533168
  subpackages:
  - hcl/ast
  - hcl/parser
  - hcl/printer
  - hcl/scanner
  - hcl/strconv
  - hcl/token
  - json/parser
  - json/scanner
  - json/token
- name: github.com/hashicorp/serf
  version: 984a73625de3138f44deb38d00878fab39eb6447
  subpackages:
  - coordinate
- name: github.com/jmespath/go-jmespath
  version: c2b33e8439af944379acbdd9c3a5fe0bc44bd8a5
- name: github.com/jtolds/gls
  version: 77f18212c9c7edc9bd6a33d383a7b545ce62f064
- name: github.com/magiconair/properties
  version: c2353362d570a7bfa228149c62842019201cfb71
- name: github.com/matttproud/golang_protobuf_extensions
  version: c182affec369e30f25d3eb8cd8a478dee585ae7d
  subpackages:
  - pbutil
- name: github.com/mitchellh/go-homedir
  version: 3864e76763d94a6df2f9960b16a20a33da9f9a66
- name: github.com/mitchellh/mapstructure
  version: b4575eea38cca1123ec2dc90c26529b5c5acfcff
- name: github.com/modern-go/concurrent
  version: bacd9c7ef1dd9b15be4a9909b8ac7a4e313eec94
- name: github.com/modern-go/reflect2
  version: 4b7aa43c6742a2c18fdef89dd197aaae7dac7ccd
- name: github.com/olivere/elastic
  version: 2a5234d20b058173aaea6835e671fc83eee777b0
  subpackages:
  - config
  - uritemplates
- name: github.com/pelletier/go-toml
  version: 603baefff989777996bf283da430d693e78eba3a
- name: github.com/pkg/errors
  version: 816c9085562cd7ee03e7f8188a1cfd942858cded
- name: github.com/prometheus/client_model
  version: fd36f4220a901265f90734c3183c5f0c91daa0b8
  subpackages:
  - go
- name: github.com/prometheus/common
  version: c873fb1f9420b83ee703b4361c61183b4619f74d
  subpackages:
  - expfmt
  - internal/bitbucket.org/ww/goautoneg
  - model
- name: github.com/prometheus/procfs
  version: 740c0778500738e56e1877d52904c431a3fdc573
  subpackages:
  - internal/fs
- name: github.com/smartystreets/assertions
  version: 0b37b35ec7434b77e77a4bb29b79677cced992ea
  subpackages:
  - internal/go-render/render
  - internal/oglematchers
- name: github.com/spf13/afero
  version: 787d034dfe70e44075ccc060d346146ef53270ad
  subpackages:
  - mem
- name: github.com/spf13/cast
  version: 8965335b8c7107321228e3e3702cab9832751bac
- name: github.com/spf13/jwalterweatherman
  version: 7c0cea34c8ece3fbeb2b27ab9b59511d360fb394
- name: github.com/spf13/pflag
  version: 583c0c0531f06d5278b7d917446061adc344b5cd
- name: golang.org/x/net
  version: 4cb1c02c05b0e749b0365f61ae859a8e0cfceed9
  subpackages:
  - context
- name: golang.org/x/text
  version: c0fe8dde8a10c9b32154bd9bdf080b8b3d635127
  subpackages:
  - transform
  - unicode/norm
- name: gopkg.in/yaml.v2
  version: d670f9405373e636a5a2765eea47fac0c9bc91a4
