hash: f5fc34545dfd3251df59f0eedef03d6b69441dd06c4fbc478bc0498a79a5e745
updated: 2018-01-17T13:34:33.31607+08:00
imports:
- name: github.com/smartystreets/goconvey
  version: 9e8dc3f972df6c8fcc0375ef492c24d0bb204857
  subpackages:
  - convey
  - convey/gotest
  - convey/reporting
- name: github.com/spf13/viper
  version: 25b30aa063fc18e48662b86996252eabdcf2f0c7
testImports:
- name: github.com/gopherjs/gopherjs
  version: 444abdf920945de5d4a977b572bcc6c674d1e4eb
  subpackages:
  - js
- name: github.com/jtolds/gls
  version: 77f18212c9c7edc9bd6a33d383a7b545ce62f064
- name: github.com/smartystreets/assertions
  version: 0b37b35ec7434b77e77a4bb29b79677cced992ea
  subpackages:
  - assert
  - internal/go-render/render
  - internal/oglematchers
  - should
- name: github.com/smartystreets/logging
  version: 9abb3b6eb954f7c05a433747e9d383271d83dfca
